
Microsoft Visual Studio Solution File, Format Version 12.00
# Visual Studio 15
VisualStudioVersion = 15.0.26730.16
MinimumVisualStudioVersion = 10.0.40219.1
Project("{FAE04EC0-301F-11D3-BF4B-00C04F79EFBC}") = "BlogSurveyDEV", "BlogSurveyDEV\BlogSurveyDEV.csproj", "{E71C9C60-BF5D-474A-AA21-E8FD05250C64}"
EndProject
Global
	GlobalSection(SolutionConfigurationPlatforms) = preSolution
		Debug|Any CPU = Debug|Any CPU
		Release|Any CPU = Release|Any CPU
	EndGlobalSection
	GlobalSection(ProjectConfigurationPlatforms) = postSolution
		{E71C9C60-BF5D-474A-AA21-E8FD05250C64}.Debug|Any CPU.ActiveCfg = Debug|Any CPU
		{E71C9C60-BF5D-474A-AA21-E8FD05250C64}.Debug|Any CPU.Build.0 = Debug|Any CPU
		{E71C9C60-BF5D-474A-AA21-E8FD05250C64}.Release|Any CPU.ActiveCfg = Release|Any CPU
		{E71C9C60-BF5D-474A-AA21-E8FD05250C64}.Release|Any CPU.Build.0 = Release|Any CPU
	EndGlobalSection
	GlobalSection(SolutionProperties) = preSolution
		HideSolutionNode = FALSE
	EndGlobalSection
	GlobalSection(ExtensibilityGlobals) = postSolution
		SolutionGuid = {FD4245D1-3F77-4E02-B8D8-E7AB906096F4}
	EndGlobalSection
EndGlobal
